
Microsoft Visual Studio Solution File, Format Version 12.00
# Visual Studio Version 17
VisualStudioVersion = 17.1.32421.90
MinimumVisualStudioVersion = 10.0.40219.1
Project("{9A19103F-16F7-4668-BE54-9A1E7A4F7556}") = "PointShop", "PointShop.csproj", "{F3342618-A5BC-4444-A939-B52954186CE4}"
EndProject
Project("{FAE04EC0-301F-11D3-BF4B-00C04F79EFBC}") = "SilkyUIFramework", "..\SilkyUIFramework\SilkyUIFramework.csproj", "{DBC39E7A-D6AC-73B0-341E-356E56209720}"
EndProject
Project("{FAE04EC0-301F-11D3-BF4B-00C04F79EFBC}") = "SilkyUIAnalyzer", "..\SilkyUIAnalyzer\SilkyUIAnalyzer.csproj", "{7CF18AA7-776A-3D45-5158-EE7119B3706D}"
EndProject
Global
	GlobalSection(SolutionConfigurationPlatforms) = preSolution
		Debug|Any CPU = Debug|Any CPU
		Release|Any CPU = Release|Any CPU
	EndGlobalSection
	GlobalSection(ProjectConfigurationPlatforms) = postSolution
		{F3342618-A5BC-4444-A939-B52954186CE4}.Debug|Any CPU.ActiveCfg = Debug|Any CPU
		{F3342618-A5BC-4444-A939-B52954186CE4}.Debug|Any CPU.Build.0 = Debug|Any CPU
		{F3342618-A5BC-4444-A939-B52954186CE4}.Release|Any CPU.ActiveCfg = Release|Any CPU
		{F3342618-A5BC-4444-A939-B52954186CE4}.Release|Any CPU.Build.0 = Release|Any CPU
		{DBC39E7A-D6AC-73B0-341E-356E56209720}.Debug|Any CPU.ActiveCfg = Debug|Any CPU
		{DBC39E7A-D6AC-73B0-341E-356E56209720}.Debug|Any CPU.Build.0 = Debug|Any CPU
		{DBC39E7A-D6AC-73B0-341E-356E56209720}.Release|Any CPU.ActiveCfg = Release|Any CPU
		{DBC39E7A-D6AC-73B0-341E-356E56209720}.Release|Any CPU.Build.0 = Release|Any CPU
		{7CF18AA7-776A-3D45-5158-EE7119B3706D}.Debug|Any CPU.ActiveCfg = Debug|Any CPU
		{7CF18AA7-776A-3D45-5158-EE7119B3706D}.Debug|Any CPU.Build.0 = Debug|Any CPU
		{7CF18AA7-776A-3D45-5158-EE7119B3706D}.Release|Any CPU.ActiveCfg = Release|Any CPU
		{7CF18AA7-776A-3D45-5158-EE7119B3706D}.Release|Any CPU.Build.0 = Release|Any CPU
	EndGlobalSection
	GlobalSection(SolutionProperties) = preSolution
		HideSolutionNode = FALSE
	EndGlobalSection
	GlobalSection(ExtensibilityGlobals) = postSolution
		SolutionGuid = {2F5786BC-98EA-4742-8E0A-A856E42D82E3}
	EndGlobalSection
EndGlobal
